
Microsoft Visual Studio Solution File, Format Version 12.00
# Visual Studio Version 17
VisualStudioVersion = 17.2.32616.157
MinimumVisualStudioVersion = 10.0.40219.1
Project("{FAE04EC0-301F-11D3-BF4B-00C04F79EFBC}") = "ClassesT", "ClassesT.csproj", "{4273FFD7-68D2-4BB9-A51A-5FE325F8EAC8}"
EndProject
Global
	GlobalSection(SolutionConfigurationPlatforms) = preSolution
		Debug|Any CPU = Debug|Any CPU
		Release|Any CPU = Release|Any CPU
	EndGlobalSection
	GlobalSection(ProjectConfigurationPlatforms) = postSolution
		{4273FFD7-68D2-4BB9-A51A-5FE325F8EAC8}.Debug|Any CPU.ActiveCfg = Debug|Any CPU
		{4273FFD7-68D2-4BB9-A51A-5FE325F8EAC8}.Debug|Any CPU.Build.0 = Debug|Any CPU
		{4273FFD7-68D2-4BB9-A51A-5FE325F8EAC8}.Release|Any CPU.ActiveCfg = Release|Any CPU
		{4273FFD7-68D2-4BB9-A51A-5FE325F8EAC8}.Release|Any CPU.Build.0 = Release|Any CPU
	EndGlobalSection
	GlobalSection(SolutionProperties) = preSolution
		HideSolutionNode = FALSE
	EndGlobalSection
	GlobalSection(ExtensibilityGlobals) = postSolution
		SolutionGuid = {7D3FE6E8-74ED-4B2A-B65C-2A0618311CF7}
	EndGlobalSection
EndGlobal
